
Microsoft Visual Studio Solution File, Format Version 12.00
# Visual Studio Version 17
VisualStudioVersion = 17.6.33815.320
MinimumVisualStudioVersion = 10.0.40219.1
Project("{FAE04EC0-301F-11D3-BF4B-00C04F79EFBC}") = "viewbag", "viewbag\viewbag.csproj", "{9991BD68-2858-416F-9E21-7CE5D907E2FC}"
EndProject
Global
	GlobalSection(SolutionConfigurationPlatforms) = preSolution
		Debug|Any CPU = Debug|Any CPU
		Release|Any CPU = Release|Any CPU
	EndGlobalSection
	GlobalSection(ProjectConfigurationPlatforms) = postSolution
		{9991BD68-2858-416F-9E21-7CE5D907E2FC}.Debug|Any CPU.ActiveCfg = Debug|Any CPU
		{9991BD68-2858-416F-9E21-7CE5D907E2FC}.Debug|Any CPU.Build.0 = Debug|Any CPU
		{9991BD68-2858-416F-9E21-7CE5D907E2FC}.Release|Any CPU.ActiveCfg = Release|Any CPU
		{9991BD68-2858-416F-9E21-7CE5D907E2FC}.Release|Any CPU.Build.0 = Release|Any CPU
	EndGlobalSection
	GlobalSection(SolutionProperties) = preSolution
		HideSolutionNode = FALSE
	EndGlobalSection
	GlobalSection(ExtensibilityGlobals) = postSolution
		SolutionGuid = {E0BA54A4-912A-4B40-9D69-C12A22C71E8B}
	EndGlobalSection
EndGlobal
